
Microsoft Visual Studio Solution File, Format Version 12.00
# Visual Studio Version 16
VisualStudioVersion = 16.0.810.12
MinimumVisualStudioVersion = 10.0.40219.1
Project("{FAE04EC0-301F-11D3-BF4B-00C04F79EFBC}") = "ParcelDelivery", "ParcelDelivery\ParcelDelivery.csproj", "{6A19FA9D-4CAE-45D1-8422-FE47430F2D7C}"
EndProject
Global
	GlobalSection(SolutionConfigurationPlatforms) = preSolution
		Debug|Any CPU = Debug|Any CPU
		Release|Any CPU = Release|Any CPU
	EndGlobalSection
	GlobalSection(ProjectConfigurationPlatforms) = postSolution
		{6A19FA9D-4CAE-45D1-8422-FE47430F2D7C}.Debug|Any CPU.ActiveCfg = Debug|Any CPU
		{6A19FA9D-4CAE-45D1-8422-FE47430F2D7C}.Debug|Any CPU.Build.0 = Debug|Any CPU
		{6A19FA9D-4CAE-45D1-8422-FE47430F2D7C}.Release|Any CPU.ActiveCfg = Release|Any CPU
		{6A19FA9D-4CAE-45D1-8422-FE47430F2D7C}.Release|Any CPU.Build.0 = Release|Any CPU
	EndGlobalSection
	GlobalSection(SolutionProperties) = preSolution
		HideSolutionNode = FALSE
	EndGlobalSection
	GlobalSection(ExtensibilityGlobals) = postSolution
		SolutionGuid = {CE0A6A5C-5E6C-45CE-A4C1-91C3D3C86ACD}
	EndGlobalSection
EndGlobal
